// !$*UTF8*$!
{
	archiveVersion = 1;
	classes = {
	};
	objectVersion = 46;
	objects = {

/* Begin PBXBuildFile section */
		523C32251EF170BE0033A2D5 /* RCTDesCrypto.m in Sources */ = {isa = PBXBuildFile; fileRef = 523C32241EF170BE0033A2D5 /* RCTDesCrypto.m */; };
		523C32261EF170BE0033A2D5 /* RCTDesCrypto.h in CopyFiles */ = {isa = PBXBuildFile; fileRef = 523C32231EF170BE0033A2D5 /* RCTDesCrypto.h */; };
		523C322E1EF170EB0033A2D5 /* DESEncrypt.m in Sources */ = {isa = PBXBuildFile; fileRef = 523C322D1EF170EB0033A2D5 /* DESEncrypt.m */; };
/* End PBXBuildFile section */

/* Begin PBXCopyFilesBuildPhase section */
		523C321E1EF170BE0033A2D5 /* CopyFiles */ = {
			isa = PBXCopyFilesBuildPhase;
			buildActionMask = 2147483647;
			dstPath = "include/$(PRODUCT_NAME)";
			dstSubfolderSpec = 16;
			files = (
				523C32261EF170BE0033A2D5 /* RCTDesCrypto.h in CopyFiles */,
			);
			runOnlyForDeploymentPostprocessing = 0;
		};
/* End PBXCopyFilesBuildPhase section */

/* Begin PBXFileReference section */
		523C32201EF170BE0033A2D5 /* libRCTDesCrypto.a */ = {isa = PBXFileReference; explicitFileType = archive.ar; includeInIndex = 0; path = libRCTDesCrypto.a; sourceTree = BUILT_PRODUCTS_DIR; };
		523C32231EF170BE0033A2D5 /* RCTDesCrypto.h */ = {isa = PBXFileReference; lastKnownFileType = sourcecode.c.h; path = RCTDesCrypto.h; sourceTree = "<group>"; };
		523C32241EF170BE0033A2D5 /* RCTDesCrypto.m */ = {isa = PBXFileReference; lastKnownFileType = sourcecode.c.objc; path = RCTDesCrypto.m; sourceTree = "<group>"; };
		523C322C1EF170EB0033A2D5 /* DESEncrypt.h */ = {isa = PBXFileReference; fileEncoding = 4; lastKnownFileType = sourcecode.c.h; path = DESEncrypt.h; sourceTree = "<group>"; };
		523C322D1EF170EB0033A2D5 /* DESEncrypt.m */ = {isa = PBXFileReference; fileEncoding = 4; lastKnownFileType = sourcecode.c.objc; path = DESEncrypt.m; sourceTree = "<group>"; };
/* End PBXFileReference section */

/* Begin PBXFrameworksBuildPhase section */
		523C321D1EF170BE0033A2D5 /* Frameworks */ = {
			isa = PBXFrameworksBuildPhase;
			buildActionMask = 2147483647;
			files = (
			);
			runOnlyForDeploymentPostprocessing = 0;
		};
/* End PBXFrameworksBuildPhase section */

/* Begin PBXGroup section */
		523C32171EF170BD0033A2D5 = {
			isa = PBXGroup;
			children = (
				523C32221EF170BE0033A2D5 /* RCTDesCrypto */,
				523C32211EF170BE0033A2D5 /* Products */,
			);
			sourceTree = "<group>";
		};
		523C32211EF170BE0033A2D5 /* Products */ = {
			isa = PBXGroup;
			children = (
				523C32201EF170BE0033A2D5 /* libRCTDesCrypto.a */,
			);
			name = Products;
			sourceTree = "<group>";
		};
		523C32221EF170BE0033A2D5 /* RCTDesCrypto */ = {
			isa = PBXGroup;
			children = (
				523C322C1EF170EB0033A2D5 /* DESEncrypt.h */,
				523C322D1EF170EB0033A2D5 /* DESEncrypt.m */,
				523C32231EF170BE0033A2D5 /* RCTDesCrypto.h */,
				523C32241EF170BE0033A2D5 /* RCTDesCrypto.m */,
			);
			path = RCTDesCrypto;
			sourceTree = "<group>";
		};
/* End PBXGroup section */

/* Begin PBXNativeTarget section */
		523C321F1EF170BE0033A2D5 /* RCTDesCrypto */ = {
			isa = PBXNativeTarget;
			buildConfigurationList = 523C32291EF170BE0033A2D5 /* Build configuration list for PBXNativeTarget "RCTDesCrypto" */;
			buildPhases = (
				523C321C1EF170BE0033A2D5 /* Sources */,
				523C321D1EF170BE0033A2D5 /* Frameworks */,
				523C321E1EF170BE0033A2D5 /* CopyFiles */,
			);
			buildRules = (
			);
			dependencies = (
			);
			name = RCTDesCrypto;
			productName = RCTDesCrypto;
			productReference = 523C32201EF170BE0033A2D5 /* libRCTDesCrypto.a */;
			productType = "com.apple.product-type.library.static";
		};
/* End PBXNativeTarget section */

/* Begin PBXProject section */
		523C32181EF170BD0033A2D5 /* Project object */ = {
			isa = PBXProject;
			attributes = {
				LastUpgradeCheck = 0830;
				ORGANIZATIONNAME = cdm;
				TargetAttributes = {
					523C321F1EF170BE0033A2D5 = {
						CreatedOnToolsVersion = 8.3.3;
						DevelopmentTeam = 22E3N9FV57;
						ProvisioningStyle = Automatic;
					};
				};
			};
			buildConfigurationList = 523C321B1EF170BD0033A2D5 /* Build configuration list for PBXProject "RCTDesCrypto" */;
			compatibilityVersion = "Xcode 3.2";
			developmentRegion = English;
			hasScannedForEncodings = 0;
			knownRegions = (
				en,
			);
			mainGroup = 523C32171EF170BD0033A2D5;
			productRefGroup = 523C32211EF170BE0033A2D5 /* Products */;
			projectDirPath = "";
			projectRoot = "";
			targets = (
				523C321F1EF170BE0033A2D5 /* RCTDesCrypto */,
			);
		};
/* End PBXProject section */

/* Begin PBXSourcesBuildPhase section */
		523C321C1EF170BE0033A2D5 /* Sources */ = {
			isa = PBXSourcesBuildPhase;
			buildActionMask = 2147483647;
			files = (
				523C322E1EF170EB0033A2D5 /* DESEncrypt.m in Sources */,
				523C32251EF170BE0033A2D5 /* RCTDesCrypto.m in Sources */,
			);
			runOnlyForDeploymentPostprocessing = 0;
		};
/* End PBXSourcesBuildPhase section */

/* Begin XCBuildConfiguration section */
		523C32271EF170BE0033A2D5 /* Debug */ = {
			isa = XCBuildConfiguration;
			buildSettings = {
				ALWAYS_SEARCH_USER_PATHS = NO;
				CLANG_ANALYZER_NONNULL = YES;
				CLANG_ANALYZER_NUMBER_OBJECT_CONVERSION = YES_AGGRESSIVE;
				CLANG_CXX_LANGUAGE_STANDARD = "gnu++0x";
				CLANG_CXX_LIBRARY = "libc++";
				CLANG_ENABLE_MODULES = YES;
				CLANG_ENABLE_OBJC_ARC = YES;
				CLANG_WARN_BOOL_CONVERSION = YES;
				CLANG_WARN_CONSTANT_CONVERSION = YES;
				CLANG_WARN_DIRECT_OBJC_ISA_USAGE = YES_ERROR;
				CLANG_WARN_DOCUMENTATION_COMMENTS = YES;
				CLANG_WARN_EMPTY_BODY = YES;
				CLANG_WARN_ENUM_CONVERSION = YES;
				CLANG_WARN_INFINITE_RECURSION = YES;
				CLANG_WARN_INT_CONVERSION = YES;
				CLANG_WARN_OBJC_ROOT_CLASS = YES_ERROR;
				CLANG_WARN_SUSPICIOUS_MOVE = YES;
				CLANG_WARN_UNREACHABLE_CODE = YES;
				CLANG_WARN__DUPLICATE_METHOD_MATCH = YES;
				"CODE_SIGN_IDENTITY[sdk=iphoneos*]" = "iPhone Developer";
				COPY_PHASE_STRIP = NO;
				DEBUG_INFORMATION_FORMAT = dwarf;
				ENABLE_STRICT_OBJC_MSGSEND = YES;
				ENABLE_TESTABILITY = YES;
				GCC_C_LANGUAGE_STANDARD = gnu99;
				GCC_DYNAMIC_NO_PIC = NO;
				GCC_NO_COMMON_BLOCKS = YES;
				GCC_OPTIMIZATION_LEVEL = 0;
				GCC_PREPROCESSOR_DEFINITIONS = (
					"DEBUG=1",
					"$(inherited)",
				);
				GCC_WARN_64_TO_32_BIT_CONVERSION = YES;
				GCC_WARN_ABOUT_RETURN_TYPE = YES_ERROR;
				GCC_WARN_UNDECLARED_SELECTOR = YES;
				GCC_WARN_UNINITIALIZED_AUTOS = YES_AGGRESSIVE;
				GCC_WARN_UNUSED_FUNCTION = YES;
				GCC_WARN_UNUSED_VARIABLE = YES;
				IPHONEOS_DEPLOYMENT_TARGET = 10.3;
				MTL_ENABLE_DEBUG_INFO = YES;
				ONLY_ACTIVE_ARCH = YES;
				SDKROOT = iphoneos;
			};
			name = Debug;
		};
		523C32281EF170BE0033A2D5 /* Release */ = {
			isa = XCBuildConfiguration;
			buildSettings = {
				ALWAYS_SEARCH_USER_PATHS = NO;
				CLANG_ANALYZER_NONNULL = YES;
				CLANG_ANALYZER_NUMBER_OBJECT_CONVERSION = YES_AGGRESSIVE;
				CLANG_CXX_LANGUAGE_STANDARD = "gnu++0x";
				CLANG_CXX_LIBRARY = "libc++";
				CLANG_ENABLE_MODULES = YES;
				CLANG_ENABLE_OBJC_ARC = YES;
				CLANG_WARN_BOOL_CONVERSION = YES;
				CLANG_WARN_CONSTANT_CONVERSION = YES;
				CLANG_WARN_DIRECT_OBJC_ISA_USAGE = YES_ERROR;
				CLANG_WARN_DOCUMENTATION_COMMENTS = YES;
				CLANG_WARN_EMPTY_BODY = YES;
				CLANG_WARN_ENUM_CONVERSION = YES;
				CLANG_WARN_INFINITE_RECURSION = YES;
				CLANG_WARN_INT_CONVERSION = YES;
				CLANG_WARN_OBJC_ROOT_CLASS = YES_ERROR;
				CLANG_WARN_SUSPICIOUS_MOVE = YES;
				CLANG_WARN_UNREACHABLE_CODE = YES;
				CLANG_WARN__DUPLICATE_METHOD_MATCH = YES;
				"CODE_SIGN_IDENTITY[sdk=iphoneos*]" = "iPhone Developer";
				COPY_PHASE_STRIP = NO;
				DEBUG_INFORMATION_FORMAT = "dwarf-with-dsym";
				ENABLE_NS_ASSERTIONS = NO;
				ENABLE_STRICT_OBJC_MSGSEND = YES;
				GCC_C_LANGUAGE_STANDARD = gnu99;
				GCC_NO_COMMON_BLOCKS = YES;
				GCC_WARN_64_TO_32_BIT_CONVERSION = YES;
				GCC_WARN_ABOUT_RETURN_TYPE = YES_ERROR;
				GCC_WARN_UNDECLARED_SELECTOR = YES;
				GCC_WARN_UNINITIALIZED_AUTOS = YES_AGGRESSIVE;
				GCC_WARN_UNUSED_FUNCTION = YES;
				GCC_WARN_UNUSED_VARIABLE = YES;
				IPHONEOS_DEPLOYMENT_TARGET = 10.3;
				MTL_ENABLE_DEBUG_INFO = NO;
				SDKROOT = iphoneos;
				VALIDATE_PRODUCT = YES;
			};
			name = Release;
		};
		523C322A1EF170BE0033A2D5 /* Debug */ = {
			isa = XCBuildConfiguration;
			buildSettings = {
				DEVELOPMENT_TEAM = 22E3N9FV57;
				OTHER_LDFLAGS = "-ObjC";
				PRODUCT_NAME = "$(TARGET_NAME)";
				SKIP_INSTALL = YES;
			};
			name = Debug;
		};
		523C322B1EF170BE0033A2D5 /* Release */ = {
			isa = XCBuildConfiguration;
			buildSettings = {
				DEVELOPMENT_TEAM = 22E3N9FV57;
				OTHER_LDFLAGS = "-ObjC";
				PRODUCT_NAME = "$(TARGET_NAME)";
				SKIP_INSTALL = YES;
			};
			name = Release;
		};
/* End XCBuildConfiguration section */

/* Begin XCConfigurationList section */
		523C321B1EF170BD0033A2D5 /* Build configuration list for PBXProject "RCTDesCrypto" */ = {
			isa = XCConfigurationList;
			buildConfigurations = (
				523C32271EF170BE0033A2D5 /* Debug */,
				523C32281EF170BE0033A2D5 /* Release */,
			);
			defaultConfigurationIsVisible = 0;
			defaultConfigurationName = Release;
		};
		523C32291EF170BE0033A2D5 /* Build configuration list for PBXNativeTarget "RCTDesCrypto" */ = {
			isa = XCConfigurationList;
			buildConfigurations = (
				523C322A1EF170BE0033A2D5 /* Debug */,
				523C322B1EF170BE0033A2D5 /* Release */,
			);
			defaultConfigurationIsVisible = 0;
		};
/* End XCConfigurationList section */
	};
	rootObject = 523C32181EF170BD0033A2D5 /* Project object */;
}
